
Microsoft Visual Studio Solution File, Format Version 12.00
# Visual Studio 15
VisualStudioVersion = 15.0.27130.2036
MinimumVisualStudioVersion = 10.0.40219.1
Project("{FAE04EC0-301F-11D3-BF4B-00C04F79EFBC}") = "Model", "Entity\Model.csproj", "{86719CFD-7DB7-4FD3-BF95-5F4FA4D1AC8F}"
EndProject
Project("{FAE04EC0-301F-11D3-BF4B-00C04F79EFBC}") = "Controller", "Controller\Controller.csproj", "{B20977F7-0E3D-48EE-B114-2D4ECA176E15}"
EndProject
Global
	GlobalSection(SolutionConfigurationPlatforms) = preSolution
		Debug|Any CPU = Debug|Any CPU
		Release|Any CPU = Release|Any CPU
	EndGlobalSection
	GlobalSection(ProjectConfigurationPlatforms) = postSolution
		{86719CFD-7DB7-4FD3-BF95-5F4FA4D1AC8F}.Debug|Any CPU.ActiveCfg = Debug|Any CPU
		{86719CFD-7DB7-4FD3-BF95-5F4FA4D1AC8F}.Debug|Any CPU.Build.0 = Debug|Any CPU
		{86719CFD-7DB7-4FD3-BF95-5F4FA4D1AC8F}.Release|Any CPU.ActiveCfg = Release|Any CPU
		{86719CFD-7DB7-4FD3-BF95-5F4FA4D1AC8F}.Release|Any CPU.Build.0 = Release|Any CPU
		{B20977F7-0E3D-48EE-B114-2D4ECA176E15}.Debug|Any CPU.ActiveCfg = Debug|Any CPU
		{B20977F7-0E3D-48EE-B114-2D4ECA176E15}.Debug|Any CPU.Build.0 = Debug|Any CPU
		{B20977F7-0E3D-48EE-B114-2D4ECA176E15}.Release|Any CPU.ActiveCfg = Release|Any CPU
		{B20977F7-0E3D-48EE-B114-2D4ECA176E15}.Release|Any CPU.Build.0 = Release|Any CPU
	EndGlobalSection
	GlobalSection(SolutionProperties) = preSolution
		HideSolutionNode = FALSE
	EndGlobalSection
	GlobalSection(ExtensibilityGlobals) = postSolution
		SolutionGuid = {27ADED56-2CA1-4854-9860-A4074400C6C8}
	EndGlobalSection
EndGlobal
