
Microsoft Visual Studio Solution File, Format Version 12.00
# Visual Studio 15
VisualStudioVersion = 15.0.27130.2036
MinimumVisualStudioVersion = 10.0.40219.1
Project("{FAE04EC0-301F-11D3-BF4B-00C04F79EFBC}") = "Dictionary", "Dictionary\Dictionary.csproj", "{FF28E8E8-C69A-4D0C-B9CD-2763020B43B4}"
EndProject
Global
	GlobalSection(SolutionConfigurationPlatforms) = preSolution
		Debug|Any CPU = Debug|Any CPU
		Release|Any CPU = Release|Any CPU
	EndGlobalSection
	GlobalSection(ProjectConfigurationPlatforms) = postSolution
		{FF28E8E8-C69A-4D0C-B9CD-2763020B43B4}.Debug|Any CPU.ActiveCfg = Debug|Any CPU
		{FF28E8E8-C69A-4D0C-B9CD-2763020B43B4}.Debug|Any CPU.Build.0 = Debug|Any CPU
		{FF28E8E8-C69A-4D0C-B9CD-2763020B43B4}.Release|Any CPU.ActiveCfg = Release|Any CPU
		{FF28E8E8-C69A-4D0C-B9CD-2763020B43B4}.Release|Any CPU.Build.0 = Release|Any CPU
	EndGlobalSection
	GlobalSection(SolutionProperties) = preSolution
		HideSolutionNode = FALSE
	EndGlobalSection
	GlobalSection(ExtensibilityGlobals) = postSolution
		SolutionGuid = {27ADED56-2CA1-4854-9860-A4074400C6C8}
	EndGlobalSection
EndGlobal
